
Microsoft Visual Studio Solution File, Format Version 12.00
# Visual Studio Version 17
VisualStudioVersion = 17.6.33723.286
MinimumVisualStudioVersion = 10.0.40219.1
Project("{9A19103F-16F7-4668-BE54-9A1E7A4F7556}") = "cookie-auth-api", "cookie-auth-api\cookie-auth-api.csproj", "{96F82969-B36B-4CC4-9064-422D13B5BB84}"
EndProject
Global
	GlobalSection(SolutionConfigurationPlatforms) = preSolution
		Debug|Any CPU = Debug|Any CPU
		Release|Any CPU = Release|Any CPU
	EndGlobalSection
	GlobalSection(ProjectConfigurationPlatforms) = postSolution
		{96F82969-B36B-4CC4-9064-422D13B5BB84}.Debug|Any CPU.ActiveCfg = Debug|Any CPU
		{96F82969-B36B-4CC4-9064-422D13B5BB84}.Debug|Any CPU.Build.0 = Debug|Any CPU
		{96F82969-B36B-4CC4-9064-422D13B5BB84}.Release|Any CPU.ActiveCfg = Release|Any CPU
		{96F82969-B36B-4CC4-9064-422D13B5BB84}.Release|Any CPU.Build.0 = Release|Any CPU
	EndGlobalSection
	GlobalSection(SolutionProperties) = preSolution
		HideSolutionNode = FALSE
	EndGlobalSection
	GlobalSection(ExtensibilityGlobals) = postSolution
		SolutionGuid = {F3A0F60E-F8C9-4C0E-9DD9-1E4BE2ED94C7}
	EndGlobalSection
EndGlobal
